
Microsoft Visual Studio Solution File, Format Version 12.00
# Visual Studio Version 17
VisualStudioVersion = 17.0.31903.59
MinimumVisualStudioVersion = 10.0.40219.1
Project("{2150E333-8FDC-42A3-9474-1A3956D46DE8}") = "src", "src", "{38A9FEB1-4F72-43C4-B24A-354CEE08CBAD}"
EndProject
Project("{FAE04EC0-301F-11D3-BF4B-00C04F79EFBC}") = "AuthService.Domain", "src\AuthService.Domain\AuthService.Domain.csproj", "{CCD2D6D5-9605-45E1-A04F-0A152F20A1FA}"
EndProject
Project("{FAE04EC0-301F-11D3-BF4B-00C04F79EFBC}") = "AuthService.Persistence", "src\AuthService.Persistence\AuthService.Persistence.csproj", "{04809370-5C7D-45A7-AB6E-0272ABC13FA2}"
EndProject
Project("{FAE04EC0-301F-11D3-BF4B-00C04F79EFBC}") = "AuthService.Application", "src\AuthService.Application\AuthService.Application.csproj", "{0F786C40-1A55-4514-A61B-B5B91EA051D6}"
EndProject
Project("{FAE04EC0-301F-11D3-BF4B-00C04F79EFBC}") = "AuthService.Api", "src\AuthService.Api\AuthService.Api.csproj", "{198A52EC-28D3-4A4B-A66B-404EB23FB818}"
EndProject
Global
	GlobalSection(SolutionConfigurationPlatforms) = preSolution
		Debug|Any CPU = Debug|Any CPU
		Release|Any CPU = Release|Any CPU
	EndGlobalSection
	GlobalSection(SolutionProperties) = preSolution
		HideSolutionNode = FALSE
	EndGlobalSection
	GlobalSection(ProjectConfigurationPlatforms) = postSolution
		{CCD2D6D5-9605-45E1-A04F-0A152F20A1FA}.Debug|Any CPU.ActiveCfg = Debug|Any CPU
		{CCD2D6D5-9605-45E1-A04F-0A152F20A1FA}.Debug|Any CPU.Build.0 = Debug|Any CPU
		{CCD2D6D5-9605-45E1-A04F-0A152F20A1FA}.Release|Any CPU.ActiveCfg = Release|Any CPU
		{CCD2D6D5-9605-45E1-A04F-0A152F20A1FA}.Release|Any CPU.Build.0 = Release|Any CPU
		{04809370-5C7D-45A7-AB6E-0272ABC13FA2}.Debug|Any CPU.ActiveCfg = Debug|Any CPU
		{04809370-5C7D-45A7-AB6E-0272ABC13FA2}.Debug|Any CPU.Build.0 = Debug|Any CPU
		{04809370-5C7D-45A7-AB6E-0272ABC13FA2}.Release|Any CPU.ActiveCfg = Release|Any CPU
		{04809370-5C7D-45A7-AB6E-0272ABC13FA2}.Release|Any CPU.Build.0 = Release|Any CPU
		{0F786C40-1A55-4514-A61B-B5B91EA051D6}.Debug|Any CPU.ActiveCfg = Debug|Any CPU
		{0F786C40-1A55-4514-A61B-B5B91EA051D6}.Debug|Any CPU.Build.0 = Debug|Any CPU
		{0F786C40-1A55-4514-A61B-B5B91EA051D6}.Release|Any CPU.ActiveCfg = Release|Any CPU
		{0F786C40-1A55-4514-A61B-B5B91EA051D6}.Release|Any CPU.Build.0 = Release|Any CPU
		{198A52EC-28D3-4A4B-A66B-404EB23FB818}.Debug|Any CPU.ActiveCfg = Debug|Any CPU
		{198A52EC-28D3-4A4B-A66B-404EB23FB818}.Debug|Any CPU.Build.0 = Debug|Any CPU
		{198A52EC-28D3-4A4B-A66B-404EB23FB818}.Release|Any CPU.ActiveCfg = Release|Any CPU
		{198A52EC-28D3-4A4B-A66B-404EB23FB818}.Release|Any CPU.Build.0 = Release|Any CPU
	EndGlobalSection
	GlobalSection(NestedProjects) = preSolution
		{CCD2D6D5-9605-45E1-A04F-0A152F20A1FA} = {38A9FEB1-4F72-43C4-B24A-354CEE08CBAD}
		{04809370-5C7D-45A7-AB6E-0272ABC13FA2} = {38A9FEB1-4F72-43C4-B24A-354CEE08CBAD}
		{0F786C40-1A55-4514-A61B-B5B91EA051D6} = {38A9FEB1-4F72-43C4-B24A-354CEE08CBAD}
		{198A52EC-28D3-4A4B-A66B-404EB23FB818} = {38A9FEB1-4F72-43C4-B24A-354CEE08CBAD}
	EndGlobalSection
EndGlobal
